
Microsoft Visual Studio Solution File, Format Version 12.00
# Visual Studio Version 17
VisualStudioVersion = 17.5.33530.505
MinimumVisualStudioVersion = 10.0.40219.1
Project("{FAE04EC0-301F-11D3-BF4B-00C04F79EFBC}") = "Portafolio", "Portafolio.csproj", "{9EA5033C-0338-4A30-8241-02A10375373C}"
EndProject
Global
	GlobalSection(SolutionConfigurationPlatforms) = preSolution
		Debug|Any CPU = Debug|Any CPU
		Release|Any CPU = Release|Any CPU
	EndGlobalSection
	GlobalSection(ProjectConfigurationPlatforms) = postSolution
		{9EA5033C-0338-4A30-8241-02A10375373C}.Debug|Any CPU.ActiveCfg = Debug|Any CPU
		{9EA5033C-0338-4A30-8241-02A10375373C}.Debug|Any CPU.Build.0 = Debug|Any CPU
		{9EA5033C-0338-4A30-8241-02A10375373C}.Release|Any CPU.ActiveCfg = Release|Any CPU
		{9EA5033C-0338-4A30-8241-02A10375373C}.Release|Any CPU.Build.0 = Release|Any CPU
	EndGlobalSection
	GlobalSection(SolutionProperties) = preSolution
		HideSolutionNode = FALSE
	EndGlobalSection
	GlobalSection(ExtensibilityGlobals) = postSolution
		SolutionGuid = {24AEB197-4F1D-4026-A7CD-1D37EE7EDA59}
	EndGlobalSection
EndGlobal
